# This file is automatically @generated by Cargo.
# It is not intended for manual editing.
version = 4

[[package]]
name = "akurai-blobs"
version = "0.8.1"
dependencies = [
 "akurai-storage",
]

[[package]]
name = "akurai-collections"
version = "0.8.1"
dependencies = [
 "akurai-json",
 "akurai-storage",
]

[[package]]
name = "akurai-css"
version = "0.8.1"

[[package]]
name = "akurai-http"
version = "0.8.1"

[[package]]
name = "akurai-json"
version = "0.8.1"

[[package]]
name = "akurai-markdown"
version = "0.8.1"

[[package]]
name = "akurai-router"
version = "0.8.1"

[[package]]
name = "akurai-storage"
version = "0.8.1"

[[package]]
name = "akurai-template"
version = "0.8.1"
dependencies = [
 "akurai-json",
]

[[package]]
name = "akurai-toml"
version = "0.8.1"

[[package]]
name = "akurai-vector"
version = "0.8.1"
dependencies = [
 "akurai-json",
]

[[package]]
name = "akurai-ws"
version = "0.8.1"
dependencies = [
 "akurai-http",
]

[[package]]
name = "golfsetridak"
version = "0.0.17"
dependencies = [
 "akurai-blobs",
 "akurai-collections",
 "akurai-css",
 "akurai-http",
 "akurai-json",
 "akurai-markdown",
 "akurai-router",
 "akurai-storage",
 "akurai-template",
 "akurai-toml",
 "akurai-vector",
 "akurai-ws",
]
